{
  "name": "@polyspec/kit-fixture",
  "lockfileVersion": 3,
  "requires": true,
  "packages": {
    "": {
      "name": "@polyspec/kit-fixture",
      "devDependencies": {
        "eslint": "9.0.0"
      }
    },
    "node_modules/eslint": {
      "version": "9.0.0",
      "resolved": "https://registry.npmjs.org/eslint/-/eslint-9.0.0.tgz",
      "dev": true
    }
  }
}
